
Microsoft Visual Studio Solution File, Format Version 12.00
# Visual Studio Version 16
VisualStudioVersion = 16.0.31624.102
MinimumVisualStudioVersion = 10.0.40219.1
Project("{9A19103F-16F7-4668-BE54-9A1E7A4F7556}") = "FunctionsReturnAndArrayFromFile", "FunctionsReturnAndArrayFromFile\FunctionsReturnAndArrayFromFile.csproj", "{C0646045-32C0-4C66-859D-7417D3F441D5}"
EndProject
Project("{9A19103F-16F7-4668-BE54-9A1E7A4F7556}") = "FridayNightRandom", "FridayNightRandom\FridayNightRandom.csproj", "{FBC817A5-AA63-4898-8DB5-C9EF52E87C70}"
EndProject
Project("{FAE04EC0-301F-11D3-BF4B-00C04F79EFBC}") = "FridayNightRandomReturn", "FridayNightRandomReturn\FridayNightRandomReturn.csproj", "{01398D35-B2E4-4C44-8E0A-058FD6AE03CA}"
EndProject
Project("{FAE04EC0-301F-11D3-BF4B-00C04F79EFBC}") = "PickRandomFromFile", "PickRandomFromFile\PickRandomFromFile.csproj", "{DDA5F34B-4CDE-44B7-9F97-0CD170C0A649}"
EndProject
Project("{FAE04EC0-301F-11D3-BF4B-00C04F79EFBC}") = "ChuckNorris", "ChuckNorris\ChuckNorris.csproj", "{F5DB6D4D-7C4C-4ED5-9F98-747A8D1DC99B}"
EndProject
Global
	GlobalSection(SolutionConfigurationPlatforms) = preSolution
		Debug|Any CPU = Debug|Any CPU
		Release|Any CPU = Release|Any CPU
	EndGlobalSection
	GlobalSection(ProjectConfigurationPlatforms) = postSolution
		{C0646045-32C0-4C66-859D-7417D3F441D5}.Debug|Any CPU.ActiveCfg = Debug|Any CPU
		{C0646045-32C0-4C66-859D-7417D3F441D5}.Debug|Any CPU.Build.0 = Debug|Any CPU
		{C0646045-32C0-4C66-859D-7417D3F441D5}.Release|Any CPU.ActiveCfg = Release|Any CPU
		{C0646045-32C0-4C66-859D-7417D3F441D5}.Release|Any CPU.Build.0 = Release|Any CPU
		{FBC817A5-AA63-4898-8DB5-C9EF52E87C70}.Debug|Any CPU.ActiveCfg = Debug|Any CPU
		{FBC817A5-AA63-4898-8DB5-C9EF52E87C70}.Debug|Any CPU.Build.0 = Debug|Any CPU
		{FBC817A5-AA63-4898-8DB5-C9EF52E87C70}.Release|Any CPU.ActiveCfg = Release|Any CPU
		{FBC817A5-AA63-4898-8DB5-C9EF52E87C70}.Release|Any CPU.Build.0 = Release|Any CPU
		{01398D35-B2E4-4C44-8E0A-058FD6AE03CA}.Debug|Any CPU.ActiveCfg = Debug|Any CPU
		{01398D35-B2E4-4C44-8E0A-058FD6AE03CA}.Debug|Any CPU.Build.0 = Debug|Any CPU
		{01398D35-B2E4-4C44-8E0A-058FD6AE03CA}.Release|Any CPU.ActiveCfg = Release|Any CPU
		{01398D35-B2E4-4C44-8E0A-058FD6AE03CA}.Release|Any CPU.Build.0 = Release|Any CPU
		{DDA5F34B-4CDE-44B7-9F97-0CD170C0A649}.Debug|Any CPU.ActiveCfg = Debug|Any CPU
		{DDA5F34B-4CDE-44B7-9F97-0CD170C0A649}.Debug|Any CPU.Build.0 = Debug|Any CPU
		{DDA5F34B-4CDE-44B7-9F97-0CD170C0A649}.Release|Any CPU.ActiveCfg = Release|Any CPU
		{DDA5F34B-4CDE-44B7-9F97-0CD170C0A649}.Release|Any CPU.Build.0 = Release|Any CPU
		{F5DB6D4D-7C4C-4ED5-9F98-747A8D1DC99B}.Debug|Any CPU.ActiveCfg = Debug|Any CPU
		{F5DB6D4D-7C4C-4ED5-9F98-747A8D1DC99B}.Debug|Any CPU.Build.0 = Debug|Any CPU
		{F5DB6D4D-7C4C-4ED5-9F98-747A8D1DC99B}.Release|Any CPU.ActiveCfg = Release|Any CPU
		{F5DB6D4D-7C4C-4ED5-9F98-747A8D1DC99B}.Release|Any CPU.Build.0 = Release|Any CPU
	EndGlobalSection
	GlobalSection(SolutionProperties) = preSolution
		HideSolutionNode = FALSE
	EndGlobalSection
	GlobalSection(ExtensibilityGlobals) = postSolution
		SolutionGuid = {5196EB03-77C1-4FDA-AAB9-C237400399DB}
	EndGlobalSection
EndGlobal
